// !$*UTF8*$!
{
	archiveVersion = 1;
	classes = {
	};
	objectVersion = 46;
	objects = {

/* Begin PBXBuildFile section */
		7F7C1BFB1C7B454A0020B4D7 /* NSTimer+Closure.swift in Sources */ = {isa = PBXBuildFile; fileRef = 7F7C1BFA1C7B454A0020B4D7 /* NSTimer+Closure.swift */; };
		7FCA33C11C7B3F4500BCC57B /* AppDelegate.swift in Sources */ = {isa = PBXBuildFile; fileRef = 7FCA33C01C7B3F4500BCC57B /* AppDelegate.swift */; };
		7FCA33C31C7B3F4500BCC57B /* ViewController.swift in Sources */ = {isa = PBXBuildFile; fileRef = 7FCA33C21C7B3F4500BCC57B /* ViewController.swift */; };
		7FCA33C91C7B3F4500BCC57B /* St_VariableTable.xcdatamodeld in Sources */ = {isa = PBXBuildFile; fileRef = 7FCA33C71C7B3F4500BCC57B /* St_VariableTable.xcdatamodeld */; };
		7FCA33CB1C7B3F4500BCC57B /* Assets.xcassets in Resources */ = {isa = PBXBuildFile; fileRef = 7FCA33CA1C7B3F4500BCC57B /* Assets.xcassets */; };
		7FCA33D91C7B3F4500BCC57B /* St_VariableTableTests.swift in Sources */ = {isa = PBXBuildFile; fileRef = 7FCA33D81C7B3F4500BCC57B /* St_VariableTableTests.swift */; };
		7FCA33E41C7B3F4500BCC57B /* St_VariableTableUITests.swift in Sources */ = {isa = PBXBuildFile; fileRef = 7FCA33E31C7B3F4500BCC57B /* St_VariableTableUITests.swift */; };
		7FCA33F21C7B401F00BCC57B /* ViewModel.swift in Sources */ = {isa = PBXBuildFile; fileRef = 7FCA33F11C7B401F00BCC57B /* ViewModel.swift */; };
		7FCA33F41C7B406200BCC57B /* DummyText.swift in Sources */ = {isa = PBXBuildFile; fileRef = 7FCA33F31C7B406200BCC57B /* DummyText.swift */; };
/* End PBXBuildFile section */

/* Begin PBXContainerItemProxy section */
		7FCA33D51C7B3F4500BCC57B /* PBXContainerItemProxy */ = {
			isa = PBXContainerItemProxy;
			containerPortal = 7FCA33B51C7B3F4500BCC57B /* Project object */;
			proxyType = 1;
			remoteGlobalIDString = 7FCA33BC1C7B3F4500BCC57B;
			remoteInfo = St_VariableTable;
		};
		7FCA33E01C7B3F4500BCC57B /* PBXContainerItemProxy */ = {
			isa = PBXContainerItemProxy;
			containerPortal = 7FCA33B51C7B3F4500BCC57B /* Project object */;
			proxyType = 1;
			remoteGlobalIDString = 7FCA33BC1C7B3F4500BCC57B;
			remoteInfo = St_VariableTable;
		};
/* End PBXContainerItemProxy section */

/* Begin PBXFileReference section */
		7F7C1BFA1C7B454A0020B4D7 /* NSTimer+Closure.swift */ = {isa = PBXFileReference; fileEncoding = 4; lastKnownFileType = sourcecode.swift; path = "NSTimer+Closure.swift"; sourceTree = "<group>"; };
		7FCA33BD1C7B3F4500BCC57B /* St_VariableTable.app */ = {isa = PBXFileReference; explicitFileType = wrapper.application; includeInIndex = 0; path = St_VariableTable.app; sourceTree = BUILT_PRODUCTS_DIR; };
		7FCA33C01C7B3F4500BCC57B /* AppDelegate.swift */ = {isa = PBXFileReference; lastKnownFileType = sourcecode.swift; path = AppDelegate.swift; sourceTree = "<group>"; };
		7FCA33C21C7B3F4500BCC57B /* ViewController.swift */ = {isa = PBXFileReference; lastKnownFileType = sourcecode.swift; path = ViewController.swift; sourceTree = "<group>"; };
		7FCA33C81C7B3F4500BCC57B /* St_VariableTable.xcdatamodel */ = {isa = PBXFileReference; lastKnownFileType = wrapper.xcdatamodel; path = St_VariableTable.xcdatamodel; sourceTree = "<group>"; };
		7FCA33CA1C7B3F4500BCC57B /* Assets.xcassets */ = {isa = PBXFileReference; lastKnownFileType = folder.assetcatalog; path = Assets.xcassets; sourceTree = "<group>"; };
		7FCA33CF1C7B3F4500BCC57B /* Info.plist */ = {isa = PBXFileReference; lastKnownFileType = text.plist.xml; path = Info.plist; sourceTree = "<group>"; };
		7FCA33D41C7B3F4500BCC57B /* St_VariableTableTests.xctest */ = {isa = PBXFileReference; explicitFileType = wrapper.cfbundle; includeInIndex = 0; path = St_VariableTableTests.xctest; sourceTree = BUILT_PRODUCTS_DIR; };
		7FCA33D81C7B3F4500BCC57B /* St_VariableTableTests.swift */ = {isa = PBXFileReference; lastKnownFileType = sourcecode.swift; path = St_VariableTableTests.swift; sourceTree = "<group>"; };
		7FCA33DA1C7B3F4500BCC57B /* Info.plist */ = {isa = PBXFileReference; lastKnownFileType = text.plist.xml; path = Info.plist; sourceTree = "<group>"; };
		7FCA33DF1C7B3F4500BCC57B /* St_VariableTableUITests.xctest */ = {isa = PBXFileReference; explicitFileType = wrapper.cfbundle; includeInIndex = 0; path = St_VariableTableUITests.xctest; sourceTree = BUILT_PRODUCTS_DIR; };
		7FCA33E31C7B3F4500BCC57B /* St_VariableTableUITests.swift */ = {isa = PBXFileReference; lastKnownFileType = sourcecode.swift; path = St_VariableTableUITests.swift; sourceTree = "<group>"; };
		7FCA33E51C7B3F4500BCC57B /* Info.plist */ = {isa = PBXFileReference; lastKnownFileType = text.plist.xml; path = Info.plist; sourceTree = "<group>"; };
		7FCA33F11C7B401F00BCC57B /* ViewModel.swift */ = {isa = PBXFileReference; fileEncoding = 4; lastKnownFileType = sourcecode.swift; path = ViewModel.swift; sourceTree = "<group>"; };
		7FCA33F31C7B406200BCC57B /* DummyText.swift */ = {isa = PBXFileReference; fileEncoding = 4; lastKnownFileType = sourcecode.swift; path = DummyText.swift; sourceTree = "<group>"; };
/* End PBXFileReference section */

/* Begin PBXFrameworksBuildPhase section */
		7FCA33BA1C7B3F4500BCC57B /* Frameworks */ = {
			isa = PBXFrameworksBuildPhase;
			buildActionMask = 2147483647;
			files = (
			);
			runOnlyForDeploymentPostprocessing = 0;
		};
		7FCA33D11C7B3F4500BCC57B /* Frameworks */ = {
			isa = PBXFrameworksBuildPhase;
			buildActionMask = 2147483647;
			files = (
			);
			runOnlyForDeploymentPostprocessing = 0;
		};
		7FCA33DC1C7B3F4500BCC57B /* Frameworks */ = {
			isa = PBXFrameworksBuildPhase;
			buildActionMask = 2147483647;
			files = (
			);
			runOnlyForDeploymentPostprocessing = 0;
		};
/* End PBXFrameworksBuildPhase section */

/* Begin PBXGroup section */
		7FCA33B41C7B3F4500BCC57B = {
			isa = PBXGroup;
			children = (
				7FCA33BF1C7B3F4500BCC57B /* St_VariableTable */,
				7FCA33D71C7B3F4500BCC57B /* St_VariableTableTests */,
				7FCA33E21C7B3F4500BCC57B /* St_VariableTableUITests */,
				7FCA33BE1C7B3F4500BCC57B /* Products */,
			);
			sourceTree = "<group>";
		};
		7FCA33BE1C7B3F4500BCC57B /* Products */ = {
			isa = PBXGroup;
			children = (
				7FCA33BD1C7B3F4500BCC57B /* St_VariableTable.app */,
				7FCA33D41C7B3F4500BCC57B /* St_VariableTableTests.xctest */,
				7FCA33DF1C7B3F4500BCC57B /* St_VariableTableUITests.xctest */,
			);
			name = Products;
			sourceTree = "<group>";
		};
		7FCA33BF1C7B3F4500BCC57B /* St_VariableTable */ = {
			isa = PBXGroup;
			children = (
				7FCA33C01C7B3F4500BCC57B /* AppDelegate.swift */,
				7F7C1BFA1C7B454A0020B4D7 /* NSTimer+Closure.swift */,
				7FCA33C21C7B3F4500BCC57B /* ViewController.swift */,
				7FCA33CA1C7B3F4500BCC57B /* Assets.xcassets */,
				7FCA33CF1C7B3F4500BCC57B /* Info.plist */,
				7FCA33C71C7B3F4500BCC57B /* St_VariableTable.xcdatamodeld */,
				7FCA33F11C7B401F00BCC57B /* ViewModel.swift */,
				7FCA33F31C7B406200BCC57B /* DummyText.swift */,
			);
			path = St_VariableTable;
			sourceTree = "<group>";
		};
		7FCA33D71C7B3F4500BCC57B /* St_VariableTableTests */ = {
			isa = PBXGroup;
			children = (
				7FCA33D81C7B3F4500BCC57B /* St_VariableTableTests.swift */,
				7FCA33DA1C7B3F4500BCC57B /* Info.plist */,
			);
			path = St_VariableTableTests;
			sourceTree = "<group>";
		};
		7FCA33E21C7B3F4500BCC57B /* St_VariableTableUITests */ = {
			isa = PBXGroup;
			children = (
				7FCA33E31C7B3F4500BCC57B /* St_VariableTableUITests.swift */,
				7FCA33E51C7B3F4500BCC57B /* Info.plist */,
			);
			path = St_VariableTableUITests;
			sourceTree = "<group>";
		};
/* End PBXGroup section */

/* Begin PBXNativeTarget section */
		7FCA33BC1C7B3F4500BCC57B /* St_VariableTable */ = {
			isa = PBXNativeTarget;
			buildConfigurationList = 7FCA33E81C7B3F4500BCC57B /* Build configuration list for PBXNativeTarget "St_VariableTable" */;
			buildPhases = (
				7FCA33B91C7B3F4500BCC57B /* Sources */,
				7FCA33BA1C7B3F4500BCC57B /* Frameworks */,
				7FCA33BB1C7B3F4500BCC57B /* Resources */,
			);
			buildRules = (
			);
			dependencies = (
			);
			name = St_VariableTable;
			productName = St_VariableTable;
			productReference = 7FCA33BD1C7B3F4500BCC57B /* St_VariableTable.app */;
			productType = "com.apple.product-type.application";
		};
		7FCA33D31C7B3F4500BCC57B /* St_VariableTableTests */ = {
			isa = PBXNativeTarget;
			buildConfigurationList = 7FCA33EB1C7B3F4500BCC57B /* Build configuration list for PBXNativeTarget "St_VariableTableTests" */;
			buildPhases = (
				7FCA33D01C7B3F4500BCC57B /* Sources */,
				7FCA33D11C7B3F4500BCC57B /* Frameworks */,
				7FCA33D21C7B3F4500BCC57B /* Resources */,
			);
			buildRules = (
			);
			dependencies = (
				7FCA33D61C7B3F4500BCC57B /* PBXTargetDependency */,
			);
			name = St_VariableTableTests;
			productName = St_VariableTableTests;
			productReference = 7FCA33D41C7B3F4500BCC57B /* St_VariableTableTests.xctest */;
			productType = "com.apple.product-type.bundle.unit-test";
		};
		7FCA33DE1C7B3F4500BCC57B /* St_VariableTableUITests */ = {
			isa = PBXNativeTarget;
			buildConfigurationList = 7FCA33EE1C7B3F4500BCC57B /* Build configuration list for PBXNativeTarget "St_VariableTableUITests" */;
			buildPhases = (
				7FCA33DB1C7B3F4500BCC57B /* Sources */,
				7FCA33DC1C7B3F4500BCC57B /* Frameworks */,
				7FCA33DD1C7B3F4500BCC57B /* Resources */,
			);
			buildRules = (
			);
			dependencies = (
				7FCA33E11C7B3F4500BCC57B /* PBXTargetDependency */,
			);
			name = St_VariableTableUITests;
			productName = St_VariableTableUITests;
			productReference = 7FCA33DF1C7B3F4500BCC57B /* St_VariableTableUITests.xctest */;
			productType = "com.apple.product-type.bundle.ui-testing";
		};
/* End PBXNativeTarget section */

/* Begin PBXProject section */
		7FCA33B51C7B3F4500BCC57B /* Project object */ = {
			isa = PBXProject;
			attributes = {
				LastSwiftUpdateCheck = 0720;
				LastUpgradeCheck = 0720;
				ORGANIZATIONNAME = "Yoshizumi Ashikawa";
				TargetAttributes = {
					7FCA33BC1C7B3F4500BCC57B = {
						CreatedOnToolsVersion = 7.2;
					};
					7FCA33D31C7B3F4500BCC57B = {
						CreatedOnToolsVersion = 7.2;
						TestTargetID = 7FCA33BC1C7B3F4500BCC57B;
					};
					7FCA33DE1C7B3F4500BCC57B = {
						CreatedOnToolsVersion = 7.2;
						TestTargetID = 7FCA33BC1C7B3F4500BCC57B;
					};
				};
			};
			buildConfigurationList = 7FCA33B81C7B3F4500BCC57B /* Build configuration list for PBXProject "St_VariableTable" */;
			compatibilityVersion = "Xcode 3.2";
			developmentRegion = English;
			hasScannedForEncodings = 0;
			knownRegions = (
				en,
				Base,
			);
			mainGroup = 7FCA33B41C7B3F4500BCC57B;
			productRefGroup = 7FCA33BE1C7B3F4500BCC57B /* Products */;
			projectDirPath = "";
			projectRoot = "";
			targets = (
				7FCA33BC1C7B3F4500BCC57B /* St_VariableTable */,
				7FCA33D31C7B3F4500BCC57B /* St_VariableTableTests */,
				7FCA33DE1C7B3F4500BCC57B /* St_VariableTableUITests */,
			);
		};
/* End PBXProject section */

/* Begin PBXResourcesBuildPhase section */
		7FCA33BB1C7B3F4500BCC57B /* Resources */ = {
			isa = PBXResourcesBuildPhase;
			buildActionMask = 2147483647;
			files = (
				7FCA33CB1C7B3F4500BCC57B /* Assets.xcassets in Resources */,
			);
			runOnlyForDeploymentPostprocessing = 0;
		};
		7FCA33D21C7B3F4500BCC57B /* Resources */ = {
			isa = PBXResourcesBuildPhase;
			buildActionMask = 2147483647;
			files = (
			);
			runOnlyForDeploymentPostprocessing = 0;
		};
		7FCA33DD1C7B3F4500BCC57B /* Resources */ = {
			isa = PBXResourcesBuildPhase;
			buildActionMask = 2147483647;
			files = (
			);
			runOnlyForDeploymentPostprocessing = 0;
		};
/* End PBXResourcesBuildPhase section */

/* Begin PBXSourcesBuildPhase section */
		7FCA33B91C7B3F4500BCC57B /* Sources */ = {
			isa = PBXSourcesBuildPhase;
			buildActionMask = 2147483647;
			files = (
				7F7C1BFB1C7B454A0020B4D7 /* NSTimer+Closure.swift in Sources */,
				7FCA33F41C7B406200BCC57B /* DummyText.swift in Sources */,
				7FCA33C31C7B3F4500BCC57B /* ViewController.swift in Sources */,
				7FCA33C11C7B3F4500BCC57B /* AppDelegate.swift in Sources */,
				7FCA33F21C7B401F00BCC57B /* ViewModel.swift in Sources */,
				7FCA33C91C7B3F4500BCC57B /* St_VariableTable.xcdatamodeld in Sources */,
			);
			runOnlyForDeploymentPostprocessing = 0;
		};
		7FCA33D01C7B3F4500BCC57B /* Sources */ = {
			isa = PBXSourcesBuildPhase;
			buildActionMask = 2147483647;
			files = (
				7FCA33D91C7B3F4500BCC57B /* St_VariableTableTests.swift in Sources */,
			);
			runOnlyForDeploymentPostprocessing = 0;
		};
		7FCA33DB1C7B3F4500BCC57B /* Sources */ = {
			isa = PBXSourcesBuildPhase;
			buildActionMask = 2147483647;
			files = (
				7FCA33E41C7B3F4500BCC57B /* St_VariableTableUITests.swift in Sources */,
			);
			runOnlyForDeploymentPostprocessing = 0;
		};
/* End PBXSourcesBuildPhase section */

/* Begin PBXTargetDependency section */
		7FCA33D61C7B3F4500BCC57B /* PBXTargetDependency */ = {
			isa = PBXTargetDependency;
			target = 7FCA33BC1C7B3F4500BCC57B /* St_VariableTable */;
			targetProxy = 7FCA33D51C7B3F4500BCC57B /* PBXContainerItemProxy */;
		};
		7FCA33E11C7B3F4500BCC57B /* PBXTargetDependency */ = {
			isa = PBXTargetDependency;
			target = 7FCA33BC1C7B3F4500BCC57B /* St_VariableTable */;
			targetProxy = 7FCA33E01C7B3F4500BCC57B /* PBXContainerItemProxy */;
		};
/* End PBXTargetDependency section */

/* Begin XCBuildConfiguration section */
		7FCA33E61C7B3F4500BCC57B /* Debug */ = {
			isa = XCBuildConfiguration;
			buildSettings = {
				ALWAYS_SEARCH_USER_PATHS = NO;
				CLANG_CXX_LANGUAGE_STANDARD = "gnu++0x";
				CLANG_CXX_LIBRARY = "libc++";
				CLANG_ENABLE_MODULES = YES;
				CLANG_ENABLE_OBJC_ARC = YES;
				CLANG_WARN_BOOL_CONVERSION = YES;
				CLANG_WARN_CONSTANT_CONVERSION = YES;
				CLANG_WARN_DIRECT_OBJC_ISA_USAGE = YES_ERROR;
				CLANG_WARN_EMPTY_BODY = YES;
				CLANG_WARN_ENUM_CONVERSION = YES;
				CLANG_WARN_INT_CONVERSION = YES;
				CLANG_WARN_OBJC_ROOT_CLASS = YES_ERROR;
				CLANG_WARN_UNREACHABLE_CODE = YES;
				CLANG_WARN__DUPLICATE_METHOD_MATCH = YES;
				"CODE_SIGN_IDENTITY[sdk=iphoneos*]" = "iPhone Developer";
				COPY_PHASE_STRIP = NO;
				DEBUG_INFORMATION_FORMAT = dwarf;
				ENABLE_STRICT_OBJC_MSGSEND = YES;
				ENABLE_TESTABILITY = YES;
				GCC_C_LANGUAGE_STANDARD = gnu99;
				GCC_DYNAMIC_NO_PIC = NO;
				GCC_NO_COMMON_BLOCKS = YES;
				GCC_OPTIMIZATION_LEVEL = 0;
				GCC_PREPROCESSOR_DEFINITIONS = (
					"DEBUG=1",
					"$(inherited)",
				);
				GCC_WARN_64_TO_32_BIT_CONVERSION = YES;
				GCC_WARN_ABOUT_RETURN_TYPE = YES_ERROR;
				GCC_WARN_UNDECLARED_SELECTOR = YES;
				GCC_WARN_UNINITIALIZED_AUTOS = YES_AGGRESSIVE;
				GCC_WARN_UNUSED_FUNCTION = YES;
				GCC_WARN_UNUSED_VARIABLE = YES;
				IPHONEOS_DEPLOYMENT_TARGET = 9.2;
				MTL_ENABLE_DEBUG_INFO = YES;
				ONLY_ACTIVE_ARCH = YES;
				SDKROOT = iphoneos;
				SWIFT_OPTIMIZATION_LEVEL = "-Onone";
				TARGETED_DEVICE_FAMILY = 2;
			};
			name = Debug;
		};
		7FCA33E71C7B3F4500BCC57B /* Release */ = {
			isa = XCBuildConfiguration;
			buildSettings = {
				ALWAYS_SEARCH_USER_PATHS = NO;
				CLANG_CXX_LANGUAGE_STANDARD = "gnu++0x";
				CLANG_CXX_LIBRARY = "libc++";
				CLANG_ENABLE_MODULES = YES;
				CLANG_ENABLE_OBJC_ARC = YES;
				CLANG_WARN_BOOL_CONVERSION = YES;
				CLANG_WARN_CONSTANT_CONVERSION = YES;
				CLANG_WARN_DIRECT_OBJC_ISA_USAGE = YES_ERROR;
				CLANG_WARN_EMPTY_BODY = YES;
				CLANG_WARN_ENUM_CONVERSION = YES;
				CLANG_WARN_INT_CONVERSION = YES;
				CLANG_WARN_OBJC_ROOT_CLASS = YES_ERROR;
				CLANG_WARN_UNREACHABLE_CODE = YES;
				CLANG_WARN__DUPLICATE_METHOD_MATCH = YES;
				"CODE_SIGN_IDENTITY[sdk=iphoneos*]" = "iPhone Developer";
				COPY_PHASE_STRIP = NO;
				DEBUG_INFORMATION_FORMAT = "dwarf-with-dsym";
				ENABLE_NS_ASSERTIONS = NO;
				ENABLE_STRICT_OBJC_MSGSEND = YES;
				GCC_C_LANGUAGE_STANDARD = gnu99;
				GCC_NO_COMMON_BLOCKS = YES;
				GCC_WARN_64_TO_32_BIT_CONVERSION = YES;
				GCC_WARN_ABOUT_RETURN_TYPE = YES_ERROR;
				GCC_WARN_UNDECLARED_SELECTOR = YES;
				GCC_WARN_UNINITIALIZED_AUTOS = YES_AGGRESSIVE;
				GCC_WARN_UNUSED_FUNCTION = YES;
				GCC_WARN_UNUSED_VARIABLE = YES;
				IPHONEOS_DEPLOYMENT_TARGET = 9.2;
				MTL_ENABLE_DEBUG_INFO = NO;
				SDKROOT = iphoneos;
				TARGETED_DEVICE_FAMILY = 2;
				VALIDATE_PRODUCT = YES;
			};
			name = Release;
		};
		7FCA33E91C7B3F4500BCC57B /* Debug */ = {
			isa = XCBuildConfiguration;
			buildSettings = {
				ASSETCATALOG_COMPILER_APPICON_NAME = AppIcon;
				INFOPLIST_FILE = St_VariableTable/Info.plist;
				IPHONEOS_DEPLOYMENT_TARGET = 9.0;
				LD_RUNPATH_SEARCH_PATHS = "$(inherited) @executable_path/Frameworks";
				PRODUCT_BUNDLE_IDENTIFIER = "ashikawa.St-VariableTable";
				PRODUCT_NAME = "$(TARGET_NAME)";
			};
			name = Debug;
		};
		7FCA33EA1C7B3F4500BCC57B /* Release */ = {
			isa = XCBuildConfiguration;
			buildSettings = {
				ASSETCATALOG_COMPILER_APPICON_NAME = AppIcon;
				INFOPLIST_FILE = St_VariableTable/Info.plist;
				IPHONEOS_DEPLOYMENT_TARGET = 9.0;
				LD_RUNPATH_SEARCH_PATHS = "$(inherited) @executable_path/Frameworks";
				PRODUCT_BUNDLE_IDENTIFIER = "ashikawa.St-VariableTable";
				PRODUCT_NAME = "$(TARGET_NAME)";
			};
			name = Release;
		};
		7FCA33EC1C7B3F4500BCC57B /* Debug */ = {
			isa = XCBuildConfiguration;
			buildSettings = {
				BUNDLE_LOADER = "$(TEST_HOST)";
				INFOPLIST_FILE = St_VariableTableTests/Info.plist;
				LD_RUNPATH_SEARCH_PATHS = "$(inherited) @executable_path/Frameworks @loader_path/Frameworks";
				PRODUCT_BUNDLE_IDENTIFIER = "ashikawa.St-VariableTableTests";
				PRODUCT_NAME = "$(TARGET_NAME)";
				TEST_HOST = "$(BUILT_PRODUCTS_DIR)/St_VariableTable.app/St_VariableTable";
			};
			name = Debug;
		};
		7FCA33ED1C7B3F4500BCC57B /* Release */ = {
			isa = XCBuildConfiguration;
			buildSettings = {
				BUNDLE_LOADER = "$(TEST_HOST)";
				INFOPLIST_FILE = St_VariableTableTests/Info.plist;
				LD_RUNPATH_SEARCH_PATHS = "$(inherited) @executable_path/Frameworks @loader_path/Frameworks";
				PRODUCT_BUNDLE_IDENTIFIER = "ashikawa.St-VariableTableTests";
				PRODUCT_NAME = "$(TARGET_NAME)";
				TEST_HOST = "$(BUILT_PRODUCTS_DIR)/St_VariableTable.app/St_VariableTable";
			};
			name = Release;
		};
		7FCA33EF1C7B3F4500BCC57B /* Debug */ = {
			isa = XCBuildConfiguration;
			buildSettings = {
				INFOPLIST_FILE = St_VariableTableUITests/Info.plist;
				LD_RUNPATH_SEARCH_PATHS = "$(inherited) @executable_path/Frameworks @loader_path/Frameworks";
				PRODUCT_BUNDLE_IDENTIFIER = "ashikawa.St-VariableTableUITests";
				PRODUCT_NAME = "$(TARGET_NAME)";
				TEST_TARGET_NAME = St_VariableTable;
				USES_XCTRUNNER = YES;
			};
			name = Debug;
		};
		7FCA33F01C7B3F4500BCC57B /* Release */ = {
			isa = XCBuildConfiguration;
			buildSettings = {
				INFOPLIST_FILE = St_VariableTableUITests/Info.plist;
				LD_RUNPATH_SEARCH_PATHS = "$(inherited) @executable_path/Frameworks @loader_path/Frameworks";
				PRODUCT_BUNDLE_IDENTIFIER = "ashikawa.St-VariableTableUITests";
				PRODUCT_NAME = "$(TARGET_NAME)";
				TEST_TARGET_NAME = St_VariableTable;
				USES_XCTRUNNER = YES;
			};
			name = Release;
		};
/* End XCBuildConfiguration section */

/* Begin XCConfigurationList section */
		7FCA33B81C7B3F4500BCC57B /* Build configuration list for PBXProject "St_VariableTable" */ = {
			isa = XCConfigurationList;
			buildConfigurations = (
				7FCA33E61C7B3F4500BCC57B /* Debug */,
				7FCA33E71C7B3F4500BCC57B /* Release */,
			);
			defaultConfigurationIsVisible = 0;
			defaultConfigurationName = Release;
		};
		7FCA33E81C7B3F4500BCC57B /* Build configuration list for PBXNativeTarget "St_VariableTable" */ = {
			isa = XCConfigurationList;
			buildConfigurations = (
				7FCA33E91C7B3F4500BCC57B /* Debug */,
				7FCA33EA1C7B3F4500BCC57B /* Release */,
			);
			defaultConfigurationIsVisible = 0;
			defaultConfigurationName = Release;
		};
		7FCA33EB1C7B3F4500BCC57B /* Build configuration list for PBXNativeTarget "St_VariableTableTests" */ = {
			isa = XCConfigurationList;
			buildConfigurations = (
				7FCA33EC1C7B3F4500BCC57B /* Debug */,
				7FCA33ED1C7B3F4500BCC57B /* Release */,
			);
			defaultConfigurationIsVisible = 0;
			defaultConfigurationName = Release;
		};
		7FCA33EE1C7B3F4500BCC57B /* Build configuration list for PBXNativeTarget "St_VariableTableUITests" */ = {
			isa = XCConfigurationList;
			buildConfigurations = (
				7FCA33EF1C7B3F4500BCC57B /* Debug */,
				7FCA33F01C7B3F4500BCC57B /* Release */,
			);
			defaultConfigurationIsVisible = 0;
			defaultConfigurationName = Release;
		};
/* End XCConfigurationList section */

/* Begin XCVersionGroup section */
		7FCA33C71C7B3F4500BCC57B /* St_VariableTable.xcdatamodeld */ = {
			isa = XCVersionGroup;
			children = (
				7FCA33C81C7B3F4500BCC57B /* St_VariableTable.xcdatamodel */,
			);
			currentVersion = 7FCA33C81C7B3F4500BCC57B /* St_VariableTable.xcdatamodel */;
			path = St_VariableTable.xcdatamodeld;
			sourceTree = "<group>";
			versionGroupType = wrapper.xcdatamodel;
		};
/* End XCVersionGroup section */
	};
	rootObject = 7FCA33B51C7B3F4500BCC57B /* Project object */;
}
